
Microsoft Visual Studio Solution File, Format Version 12.00
# Visual Studio Version 17
VisualStudioVersion = 17.0.31903.59
MinimumVisualStudioVersion = 10.0.40219.1
Project("{FAE04EC0-301F-11D3-BF4B-00C04F79EFBC}") = "ApiGateway", "ApiGateway\ApiGateway.csproj", "{9DA2EC50-1740-4086-8165-F8BD99560F50}"
EndProject
Project("{FAE04EC0-301F-11D3-BF4B-00C04F79EFBC}") = "SalesService.Api", "SalesService.Api\SalesService.Api.csproj", "{65C098B8-FC37-4DC4-9D85-7D8AC870D4D0}"
EndProject
Project("{FAE04EC0-301F-11D3-BF4B-00C04F79EFBC}") = "SalesService.Domain", "SalesService.Domain\SalesService.Domain.csproj", "{471DCB61-1B66-43A8-9ECD-03792D96B4D4}"
EndProject
Project("{FAE04EC0-301F-11D3-BF4B-00C04F79EFBC}") = "SalesService.Infrastructure", "SalesService.Infrastructure\SalesService.Infrastructure.csproj", "{F1678F67-5DCE-4EB9-930A-B974F425D87A}"
EndProject
Project("{FAE04EC0-301F-11D3-BF4B-00C04F79EFBC}") = "Shared.Auth", "Shared.Auth\Shared.Auth.csproj", "{E5A2838C-7368-4C48-AAA8-01C6AF32F150}"
EndProject
Project("{FAE04EC0-301F-11D3-BF4B-00C04F79EFBC}") = "Shared.Messages", "Shared.Messages\Shared.Messages.csproj", "{79FB3735-95D2-47A7-AB86-3ADF5FB3D282}"
EndProject
Project("{FAE04EC0-301F-11D3-BF4B-00C04F79EFBC}") = "StockService.Api", "StockService.Api\StockService.Api.csproj", "{15FBFBD2-54A4-4FF5-BCC8-CC728FC8AEA4}"
EndProject
Project("{FAE04EC0-301F-11D3-BF4B-00C04F79EFBC}") = "StockService.Domain", "StockService.Domain\StockService.Domain.csproj", "{9C597981-CBC6-4C85-A617-8CF6F512FEFA}"
EndProject
Project("{FAE04EC0-301F-11D3-BF4B-00C04F79EFBC}") = "StockService.Infrastructure", "StockService.Infrastructure\StockService.Infrastructure.csproj", "{823AA1C2-EA3A-4923-9225-9CA655304DC1}"
EndProject
Project("{FAE04EC0-301F-11D3-BF4B-00C04F79EFBC}") = "Tests.Unit.Sales", "Tests.Unit.Sales\Tests.Unit.Sales.csproj", "{F9FA1752-18EC-4CFD-B78C-E773EC670BAC}"
EndProject
Project("{FAE04EC0-301F-11D3-BF4B-00C04F79EFBC}") = "Tests.Unit.Stock", "Tests.Unit.Stock\Tests.Unit.Stock.csproj", "{D568B912-69FE-4F81-BEEA-D31C087DE497}"
EndProject
Global
	GlobalSection(SolutionConfigurationPlatforms) = preSolution
		Debug|Any CPU = Debug|Any CPU
		Debug|x64 = Debug|x64
		Debug|x86 = Debug|x86
		Release|Any CPU = Release|Any CPU
		Release|x64 = Release|x64
		Release|x86 = Release|x86
	EndGlobalSection
	GlobalSection(ProjectConfigurationPlatforms) = postSolution
		{9DA2EC50-1740-4086-8165-F8BD99560F50}.Debug|Any CPU.ActiveCfg = Debug|Any CPU
		{9DA2EC50-1740-4086-8165-F8BD99560F50}.Debug|Any CPU.Build.0 = Debug|Any CPU
		{9DA2EC50-1740-4086-8165-F8BD99560F50}.Debug|x64.ActiveCfg = Debug|Any CPU
		{9DA2EC50-1740-4086-8165-F8BD99560F50}.Debug|x64.Build.0 = Debug|Any CPU
		{9DA2EC50-1740-4086-8165-F8BD99560F50}.Debug|x86.ActiveCfg = Debug|Any CPU
		{9DA2EC50-1740-4086-8165-F8BD99560F50}.Debug|x86.Build.0 = Debug|Any CPU
		{9DA2EC50-1740-4086-8165-F8BD99560F50}.Release|Any CPU.ActiveCfg = Release|Any CPU
		{9DA2EC50-1740-4086-8165-F8BD99560F50}.Release|Any CPU.Build.0 = Release|Any CPU
		{9DA2EC50-1740-4086-8165-F8BD99560F50}.Release|x64.ActiveCfg = Release|Any CPU
		{9DA2EC50-1740-4086-8165-F8BD99560F50}.Release|x64.Build.0 = Release|Any CPU
		{9DA2EC50-1740-4086-8165-F8BD99560F50}.Release|x86.ActiveCfg = Release|Any CPU
		{9DA2EC50-1740-4086-8165-F8BD99560F50}.Release|x86.Build.0 = Release|Any CPU
		{65C098B8-FC37-4DC4-9D85-7D8AC870D4D0}.Debug|Any CPU.ActiveCfg = Debug|Any CPU
		{65C098B8-FC37-4DC4-9D85-7D8AC870D4D0}.Debug|Any CPU.Build.0 = Debug|Any CPU
		{65C098B8-FC37-4DC4-9D85-7D8AC870D4D0}.Debug|x64.ActiveCfg = Debug|Any CPU
		{65C098B8-FC37-4DC4-9D85-7D8AC870D4D0}.Debug|x64.Build.0 = Debug|Any CPU
		{65C098B8-FC37-4DC4-9D85-7D8AC870D4D0}.Debug|x86.ActiveCfg = Debug|Any CPU
		{65C098B8-FC37-4DC4-9D85-7D8AC870D4D0}.Debug|x86.Build.0 = Debug|Any CPU
		{65C098B8-FC37-4DC4-9D85-7D8AC870D4D0}.Release|Any CPU.ActiveCfg = Release|Any CPU
		{65C098B8-FC37-4DC4-9D85-7D8AC870D4D0}.Release|Any CPU.Build.0 = Release|Any CPU
		{65C098B8-FC37-4DC4-9D85-7D8AC870D4D0}.Release|x64.ActiveCfg = Release|Any CPU
		{65C098B8-FC37-4DC4-9D85-7D8AC870D4D0}.Release|x64.Build.0 = Release|Any CPU
		{65C098B8-FC37-4DC4-9D85-7D8AC870D4D0}.Release|x86.ActiveCfg = Release|Any CPU
		{65C098B8-FC37-4DC4-9D85-7D8AC870D4D0}.Release|x86.Build.0 = Release|Any CPU
		{471DCB61-1B66-43A8-9ECD-03792D96B4D4}.Debug|Any CPU.ActiveCfg = Debug|Any CPU
		{471DCB61-1B66-43A8-9ECD-03792D96B4D4}.Debug|Any CPU.Build.0 = Debug|Any CPU
		{471DCB61-1B66-43A8-9ECD-03792D96B4D4}.Debug|x64.ActiveCfg = Debug|Any CPU
		{471DCB61-1B66-43A8-9ECD-03792D96B4D4}.Debug|x64.Build.0 = Debug|Any CPU
		{471DCB61-1B66-43A8-9ECD-03792D96B4D4}.Debug|x86.ActiveCfg = Debug|Any CPU
		{471DCB61-1B66-43A8-9ECD-03792D96B4D4}.Debug|x86.Build.0 = Debug|Any CPU
		{471DCB61-1B66-43A8-9ECD-03792D96B4D4}.Release|Any CPU.ActiveCfg = Release|Any CPU
		{471DCB61-1B66-43A8-9ECD-03792D96B4D4}.Release|Any CPU.Build.0 = Release|Any CPU
		{471DCB61-1B66-43A8-9ECD-03792D96B4D4}.Release|x64.ActiveCfg = Release|Any CPU
		{471DCB61-1B66-43A8-9ECD-03792D96B4D4}.Release|x64.Build.0 = Release|Any CPU
		{471DCB61-1B66-43A8-9ECD-03792D96B4D4}.Release|x86.ActiveCfg = Release|Any CPU
		{471DCB61-1B66-43A8-9ECD-03792D96B4D4}.Release|x86.Build.0 = Release|Any CPU
		{F1678F67-5DCE-4EB9-930A-B974F425D87A}.Debug|Any CPU.ActiveCfg = Debug|Any CPU
		{F1678F67-5DCE-4EB9-930A-B974F425D87A}.Debug|Any CPU.Build.0 = Debug|Any CPU
		{F1678F67-5DCE-4EB9-930A-B974F425D87A}.Debug|x64.ActiveCfg = Debug|Any CPU
		{F1678F67-5DCE-4EB9-930A-B974F425D87A}.Debug|x64.Build.0 = Debug|Any CPU
		{F1678F67-5DCE-4EB9-930A-B974F425D87A}.Debug|x86.ActiveCfg = Debug|Any CPU
		{F1678F67-5DCE-4EB9-930A-B974F425D87A}.Debug|x86.Build.0 = Debug|Any CPU
		{F1678F67-5DCE-4EB9-930A-B974F425D87A}.Release|Any CPU.ActiveCfg = Release|Any CPU
		{F1678F67-5DCE-4EB9-930A-B974F425D87A}.Release|Any CPU.Build.0 = Release|Any CPU
		{F1678F67-5DCE-4EB9-930A-B974F425D87A}.Release|x64.ActiveCfg = Release|Any CPU
		{F1678F67-5DCE-4EB9-930A-B974F425D87A}.Release|x64.Build.0 = Release|Any CPU
		{F1678F67-5DCE-4EB9-930A-B974F425D87A}.Release|x86.ActiveCfg = Release|Any CPU
		{F1678F67-5DCE-4EB9-930A-B974F425D87A}.Release|x86.Build.0 = Release|Any CPU
		{E5A2838C-7368-4C48-AAA8-01C6AF32F150}.Debug|Any CPU.ActiveCfg = Debug|Any CPU
		{E5A2838C-7368-4C48-AAA8-01C6AF32F150}.Debug|Any CPU.Build.0 = Debug|Any CPU
		{E5A2838C-7368-4C48-AAA8-01C6AF32F150}.Debug|x64.ActiveCfg = Debug|Any CPU
		{E5A2838C-7368-4C48-AAA8-01C6AF32F150}.Debug|x64.Build.0 = Debug|Any CPU
		{E5A2838C-7368-4C48-AAA8-01C6AF32F150}.Debug|x86.ActiveCfg = Debug|Any CPU
		{E5A2838C-7368-4C48-AAA8-01C6AF32F150}.Debug|x86.Build.0 = Debug|Any CPU
		{E5A2838C-7368-4C48-AAA8-01C6AF32F150}.Release|Any CPU.ActiveCfg = Release|Any CPU
		{E5A2838C-7368-4C48-AAA8-01C6AF32F150}.Release|Any CPU.Build.0 = Release|Any CPU
		{E5A2838C-7368-4C48-AAA8-01C6AF32F150}.Release|x64.ActiveCfg = Release|Any CPU
		{E5A2838C-7368-4C48-AAA8-01C6AF32F150}.Release|x64.Build.0 = Release|Any CPU
		{E5A2838C-7368-4C48-AAA8-01C6AF32F150}.Release|x86.ActiveCfg = Release|Any CPU
		{E5A2838C-7368-4C48-AAA8-01C6AF32F150}.Release|x86.Build.0 = Release|Any CPU
		{79FB3735-95D2-47A7-AB86-3ADF5FB3D282}.Debug|Any CPU.ActiveCfg = Debug|Any CPU
		{79FB3735-95D2-47A7-AB86-3ADF5FB3D282}.Debug|Any CPU.Build.0 = Debug|Any CPU
		{79FB3735-95D2-47A7-AB86-3ADF5FB3D282}.Debug|x64.ActiveCfg = Debug|Any CPU
		{79FB3735-95D2-47A7-AB86-3ADF5FB3D282}.Debug|x64.Build.0 = Debug|Any CPU
		{79FB3735-95D2-47A7-AB86-3ADF5FB3D282}.Debug|x86.ActiveCfg = Debug|Any CPU
		{79FB3735-95D2-47A7-AB86-3ADF5FB3D282}.Debug|x86.Build.0 = Debug|Any CPU
		{79FB3735-95D2-47A7-AB86-3ADF5FB3D282}.Release|Any CPU.ActiveCfg = Release|Any CPU
		{79FB3735-95D2-47A7-AB86-3ADF5FB3D282}.Release|Any CPU.Build.0 = Release|Any CPU
		{79FB3735-95D2-47A7-AB86-3ADF5FB3D282}.Release|x64.ActiveCfg = Release|Any CPU
		{79FB3735-95D2-47A7-AB86-3ADF5FB3D282}.Release|x64.Build.0 = Release|Any CPU
		{79FB3735-95D2-47A7-AB86-3ADF5FB3D282}.Release|x86.ActiveCfg = Release|Any CPU
		{79FB3735-95D2-47A7-AB86-3ADF5FB3D282}.Release|x86.Build.0 = Release|Any CPU
		{15FBFBD2-54A4-4FF5-BCC8-CC728FC8AEA4}.Debug|Any CPU.ActiveCfg = Debug|Any CPU
		{15FBFBD2-54A4-4FF5-BCC8-CC728FC8AEA4}.Debug|Any CPU.Build.0 = Debug|Any CPU
		{15FBFBD2-54A4-4FF5-BCC8-CC728FC8AEA4}.Debug|x64.ActiveCfg = Debug|Any CPU
		{15FBFBD2-54A4-4FF5-BCC8-CC728FC8AEA4}.Debug|x64.Build.0 = Debug|Any CPU
		{15FBFBD2-54A4-4FF5-BCC8-CC728FC8AEA4}.Debug|x86.ActiveCfg = Debug|Any CPU
		{15FBFBD2-54A4-4FF5-BCC8-CC728FC8AEA4}.Debug|x86.Build.0 = Debug|Any CPU
		{15FBFBD2-54A4-4FF5-BCC8-CC728FC8AEA4}.Release|Any CPU.ActiveCfg = Release|Any CPU
		{15FBFBD2-54A4-4FF5-BCC8-CC728FC8AEA4}.Release|Any CPU.Build.0 = Release|Any CPU
		{15FBFBD2-54A4-4FF5-BCC8-CC728FC8AEA4}.Release|x64.ActiveCfg = Release|Any CPU
		{15FBFBD2-54A4-4FF5-BCC8-CC728FC8AEA4}.Release|x64.Build.0 = Release|Any CPU
		{15FBFBD2-54A4-4FF5-BCC8-CC728FC8AEA4}.Release|x86.ActiveCfg = Release|Any CPU
		{15FBFBD2-54A4-4FF5-BCC8-CC728FC8AEA4}.Release|x86.Build.0 = Release|Any CPU
		{9C597981-CBC6-4C85-A617-8CF6F512FEFA}.Debug|Any CPU.ActiveCfg = Debug|Any CPU
		{9C597981-CBC6-4C85-A617-8CF6F512FEFA}.Debug|Any CPU.Build.0 = Debug|Any CPU
		{9C597981-CBC6-4C85-A617-8CF6F512FEFA}.Debug|x64.ActiveCfg = Debug|Any CPU
		{9C597981-CBC6-4C85-A617-8CF6F512FEFA}.Debug|x64.Build.0 = Debug|Any CPU
		{9C597981-CBC6-4C85-A617-8CF6F512FEFA}.Debug|x86.ActiveCfg = Debug|Any CPU
		{9C597981-CBC6-4C85-A617-8CF6F512FEFA}.Debug|x86.Build.0 = Debug|Any CPU
		{9C597981-CBC6-4C85-A617-8CF6F512FEFA}.Release|Any CPU.ActiveCfg = Release|Any CPU
		{9C597981-CBC6-4C85-A617-8CF6F512FEFA}.Release|Any CPU.Build.0 = Release|Any CPU
		{9C597981-CBC6-4C85-A617-8CF6F512FEFA}.Release|x64.ActiveCfg = Release|Any CPU
		{9C597981-CBC6-4C85-A617-8CF6F512FEFA}.Release|x64.Build.0 = Release|Any CPU
		{9C597981-CBC6-4C85-A617-8CF6F512FEFA}.Release|x86.ActiveCfg = Release|Any CPU
		{9C597981-CBC6-4C85-A617-8CF6F512FEFA}.Release|x86.Build.0 = Release|Any CPU
		{823AA1C2-EA3A-4923-9225-9CA655304DC1}.Debug|Any CPU.ActiveCfg = Debug|Any CPU
		{823AA1C2-EA3A-4923-9225-9CA655304DC1}.Debug|Any CPU.Build.0 = Debug|Any CPU
		{823AA1C2-EA3A-4923-9225-9CA655304DC1}.Debug|x64.ActiveCfg = Debug|Any CPU
		{823AA1C2-EA3A-4923-9225-9CA655304DC1}.Debug|x64.Build.0 = Debug|Any CPU
		{823AA1C2-EA3A-4923-9225-9CA655304DC1}.Debug|x86.ActiveCfg = Debug|Any CPU
		{823AA1C2-EA3A-4923-9225-9CA655304DC1}.Debug|x86.Build.0 = Debug|Any CPU
		{823AA1C2-EA3A-4923-9225-9CA655304DC1}.Release|Any CPU.ActiveCfg = Release|Any CPU
		{823AA1C2-EA3A-4923-9225-9CA655304DC1}.Release|Any CPU.Build.0 = Release|Any CPU
		{823AA1C2-EA3A-4923-9225-9CA655304DC1}.Release|x64.ActiveCfg = Release|Any CPU
		{823AA1C2-EA3A-4923-9225-9CA655304DC1}.Release|x64.Build.0 = Release|Any CPU
		{823AA1C2-EA3A-4923-9225-9CA655304DC1}.Release|x86.ActiveCfg = Release|Any CPU
		{823AA1C2-EA3A-4923-9225-9CA655304DC1}.Release|x86.Build.0 = Release|Any CPU
		{F9FA1752-18EC-4CFD-B78C-E773EC670BAC}.Debug|Any CPU.ActiveCfg = Debug|Any CPU
		{F9FA1752-18EC-4CFD-B78C-E773EC670BAC}.Debug|Any CPU.Build.0 = Debug|Any CPU
		{F9FA1752-18EC-4CFD-B78C-E773EC670BAC}.Debug|x64.ActiveCfg = Debug|Any CPU
		{F9FA1752-18EC-4CFD-B78C-E773EC670BAC}.Debug|x64.Build.0 = Debug|Any CPU
		{F9FA1752-18EC-4CFD-B78C-E773EC670BAC}.Debug|x86.ActiveCfg = Debug|Any CPU
		{F9FA1752-18EC-4CFD-B78C-E773EC670BAC}.Debug|x86.Build.0 = Debug|Any CPU
		{F9FA1752-18EC-4CFD-B78C-E773EC670BAC}.Release|Any CPU.ActiveCfg = Release|Any CPU
		{F9FA1752-18EC-4CFD-B78C-E773EC670BAC}.Release|Any CPU.Build.0 = Release|Any CPU
		{F9FA1752-18EC-4CFD-B78C-E773EC670BAC}.Release|x64.ActiveCfg = Release|Any CPU
		{F9FA1752-18EC-4CFD-B78C-E773EC670BAC}.Release|x64.Build.0 = Release|Any CPU
		{F9FA1752-18EC-4CFD-B78C-E773EC670BAC}.Release|x86.ActiveCfg = Release|Any CPU
		{F9FA1752-18EC-4CFD-B78C-E773EC670BAC}.Release|x86.Build.0 = Release|Any CPU
		{D568B912-69FE-4F81-BEEA-D31C087DE497}.Debug|Any CPU.ActiveCfg = Debug|Any CPU
		{D568B912-69FE-4F81-BEEA-D31C087DE497}.Debug|Any CPU.Build.0 = Debug|Any CPU
		{D568B912-69FE-4F81-BEEA-D31C087DE497}.Debug|x64.ActiveCfg = Debug|Any CPU
		{D568B912-69FE-4F81-BEEA-D31C087DE497}.Debug|x64.Build.0 = Debug|Any CPU
		{D568B912-69FE-4F81-BEEA-D31C087DE497}.Debug|x86.ActiveCfg = Debug|Any CPU
		{D568B912-69FE-4F81-BEEA-D31C087DE497}.Debug|x86.Build.0 = Debug|Any CPU
		{D568B912-69FE-4F81-BEEA-D31C087DE497}.Release|Any CPU.ActiveCfg = Release|Any CPU
		{D568B912-69FE-4F81-BEEA-D31C087DE497}.Release|Any CPU.Build.0 = Release|Any CPU
		{D568B912-69FE-4F81-BEEA-D31C087DE497}.Release|x64.ActiveCfg = Release|Any CPU
		{D568B912-69FE-4F81-BEEA-D31C087DE497}.Release|x64.Build.0 = Release|Any CPU
		{D568B912-69FE-4F81-BEEA-D31C087DE497}.Release|x86.ActiveCfg = Release|Any CPU
		{D568B912-69FE-4F81-BEEA-D31C087DE497}.Release|x86.Build.0 = Release|Any CPU
	EndGlobalSection
	GlobalSection(SolutionProperties) = preSolution
		HideSolutionNode = FALSE
	EndGlobalSection
EndGlobal
